<?xml version="1.0" encoding="utf-8"?>
<Project ToolsVersion="4.0" xmlns="http://schemas.microsoft.com/developer/msbuild/2003">
  <ItemGroup>
    <Filter Include="Source Files">
      <UniqueIdentifier>{4FC737F1-C7A5-4376-A066-2A32D752A2FF}</UniqueIdentifier>
      <Extensions>cpp;c;cc;cxx;c++;cppm;ixx;def;odl;idl;hpj;bat;asm;asmx</Extensions>
    </Filter>
    <Filter Include="Header Files">
      <UniqueIdentifier>{93995380-89BD-4b04-88EB-625FBE52EBFB}</UniqueIdentifier>
      <Extensions>h;hh;hpp;hxx;h++;hm;inl;inc;ipp;xsd</Extensions>
    </Filter>
    <Filter Include="Resource Files">
      <UniqueIdentifier>{67DA6AB6-F800-4c08-8B7A-83BB121AAD01}</UniqueIdentifier>
      <Extensions>rc;ico;cur;bmp;dlg;rc2;rct;bin;rgs;gif;jpg;jpeg;jpe;resx;tiff;tif;png;wav;mfcribbon-ms</Extensions>
    </Filter>
    <Filter Include="Header Files\Core">
      <UniqueIdentifier>{aee4e2a8-7e9a-4231-b6b0-c3a867850056}</UniqueIdentifier>
    </Filter>
    <Filter Include="Header Files\Lib">
      <UniqueIdentifier>{a4fec1cf-16e2-4ffc-af0f-ad2333d02a48}</UniqueIdentifier>
    </Filter>
    <Filter Include="Header Files\Screens">
      <UniqueIdentifier>{ca509192-d671-4368-a6f3-06ff2d132a98}</UniqueIdentifier>
    </Filter>
    <Filter Include="Header Files\Screens\Client">
      <UniqueIdentifier>{140dcf7e-8d01-433c-8862-fe4566671194}</UniqueIdentifier>
    </Filter>
    <Filter Include="Header Files\Screens\Currencies">
      <UniqueIdentifier>{d21313e9-02ca-490c-817a-99f77e0eb744}</UniqueIdentifier>
    </Filter>
    <Filter Include="Header Files\Screens\Users">
      <UniqueIdentifier>{a4ed9010-6dc0-42d9-ba46-12d2076fa6fb}</UniqueIdentifier>
    </Filter>
  </ItemGroup>
  <ItemGroup>
    <ClCompile Include="Bank Project OOP.cpp">
      <Filter>Source Files</Filter>
    </ClCompile>
  </ItemGroup>
  <ItemGroup>
    <ClInclude Include="Global.h">
      <Filter>Header Files</Filter>
    </ClInclude>
    <ClInclude Include="resource.h">
      <Filter>Header Files</Filter>
    </ClInclude>
    <ClInclude Include="ClsBankClient.h">
      <Filter>Header Files\Core</Filter>
    </ClInclude>
    <ClInclude Include="ClsBankUser.h">
      <Filter>Header Files\Core</Filter>
    </ClInclude>
    <ClInclude Include="ClsCurrency.h">
      <Filter>Header Files\Core</Filter>
    </ClInclude>
    <ClInclude Include="ClsPerson.h">
      <Filter>Header Files\Core</Filter>
    </ClInclude>
    <ClInclude Include="ClsData.h">
      <Filter>Header Files\Lib</Filter>
    </ClInclude>
    <ClInclude Include="ClsInputValidate.h">
      <Filter>Header Files\Lib</Filter>
    </ClInclude>
    <ClInclude Include="ClsString.h">
      <Filter>Header Files\Lib</Filter>
    </ClInclude>
    <ClInclude Include="ClsUtility.h">
      <Filter>Header Files\Lib</Filter>
    </ClInclude>
    <ClInclude Include="ClsScreenAddNewClient.h">
      <Filter>Header Files\Screens\Client</Filter>
    </ClInclude>
    <ClInclude Include="ClsScreenAddNewUser.h">
      <Filter>Header Files\Screens\Users</Filter>
    </ClInclude>
    <ClInclude Include="ClsScreenDeleteClientInfo.h">
      <Filter>Header Files\Screens\Client</Filter>
    </ClInclude>
    <ClInclude Include="ClsScreenDeleteUserInfo.h">
      <Filter>Header Files\Screens\Users</Filter>
    </ClInclude>
    <ClInclude Include="ClsScreenDeposite.h">
      <Filter>Header Files\Screens\Client</Filter>
    </ClInclude>
    <ClInclude Include="ClsScreenFindClient.h">
      <Filter>Header Files\Screens\Client</Filter>
    </ClInclude>
    <ClInclude Include="ClsScreenFindUser.h">
      <Filter>Header Files\Screens\Users</Filter>
    </ClInclude>
    <ClInclude Include="ClsScreenManageUsers.h">
      <Filter>Header Files\Screens\Users</Filter>
    </ClInclude>
    <ClInclude Include="ClsScreenShowUsersList.h">
      <Filter>Header Files\Screens\Users</Filter>
    </ClInclude>
    <ClInclude Include="ClsScreenTotalBalances.h">
      <Filter>Header Files\Screens\Client</Filter>
    </ClInclude>
    <ClInclude Include="ClsScreenTransactions.h">
      <Filter>Header Files\Screens\Client</Filter>
    </ClInclude>
    <ClInclude Include="ClsScreenUpdateClientInfo.h">
      <Filter>Header Files\Screens\Client</Filter>
    </ClInclude>
    <ClInclude Include="ClsScreenUpdateUserInfo.h">
      <Filter>Header Files\Screens\Users</Filter>
    </ClInclude>
    <ClInclude Include="ClsShowClientListScreen.h">
      <Filter>Header Files\Screens\Client</Filter>
    </ClInclude>
    <ClInclude Include="ClsScreenTransfer.h">
      <Filter>Header Files\Screens\Client</Filter>
    </ClInclude>
    <ClInclude Include="ClsShowMainMenueScreen.h">
      <Filter>Header Files\Screens</Filter>
    </ClInclude>
    <ClInclude Include="ClsScreen.h">
      <Filter>Header Files\Screens</Filter>
    </ClInclude>
    <ClInclude Include="ClsScreenWithdraw.h">
      <Filter>Header Files\Screens\Client</Filter>
    </ClInclude>
    <ClInclude Include="ClsLoginRegistor.h">
      <Filter>Header Files\Screens\Users</Filter>
    </ClInclude>
    <ClInclude Include="ClsLoginScreen.h">
      <Filter>Header Files\Screens\Users</Filter>
    </ClInclude>
    <ClInclude Include="ClsScreenLogTransferInfo.h">
      <Filter>Header Files\Screens\Client</Filter>
    </ClInclude>
    <ClInclude Include="ClsShowCurrencyCalculator.h">
      <Filter>Header Files\Screens\Currencies</Filter>
    </ClInclude>
    <ClInclude Include="ClsShowCurrencyExchange.h">
      <Filter>Header Files\Screens\Currencies</Filter>
    </ClInclude>
    <ClInclude Include="ClsShowFindCurrency.h">
      <Filter>Header Files\Screens\Currencies</Filter>
    </ClInclude>
    <ClInclude Include="ClsShowListCurrencies.h">
      <Filter>Header Files\Screens\Currencies</Filter>
    </ClInclude>
    <ClInclude Include="ClsShowUpdateRate.h">
      <Filter>Header Files\Screens\Currencies</Filter>
    </ClInclude>
  </ItemGroup>
  <ItemGroup>
    <ResourceCompile Include="Bank Project OOP.rc">
      <Filter>Resource Files</Filter>
    </ResourceCompile>
  </ItemGroup>
</Project>